hash: a18afea69bd8444224e179e2f3ca04f01d5b2b8885aefcfddc3d9bd206e584b0
updated: 2018-04-27T21:31:56.389506834+02:00
imports:
- name: github.com/cloudfoundry-community/go-cfenv
  version: f920e9562d5f951cbf11785728f67258c38a10d0
- name: github.com/go-ini/ini
  version: bda519ae5f4cbc60d391ff8610711627a08b86ae
- name: github.com/james4k/rcon
  version: 8fbb8268b60ac3303900326e126be05d504ab63d
- name: github.com/minio/minio-go
  version: 9e124ec59547551cb3f1324f73623bbb30650cf8
  subpackages:
  - pkg/credentials
  - pkg/encrypt
  - pkg/policy
  - pkg/s3signer
  - pkg/s3utils
  - pkg/set
- name: github.com/mitchellh/go-homedir
  version: b8bc1bf767474819792c23f32d8286a45736f1c6
- name: github.com/mitchellh/mapstructure
  version: 00c29f56e2386353d58c599509e8dc3801b0d716
- name: github.com/stretchr/testify
  version: 12b6f73e6084dad08a7c6e575284b177ecafbc71
  subpackages:
  - assert
- name: golang.org/x/net
  version: 5f9ae10d9af5b1c89ae6904293b14b064d4ada23
  subpackages:
  - idna
  - lex/httplex
- name: golang.org/x/text
  version: 7922cc490dd5a7dbaa7fd5d6196b49db59ac042f
  subpackages:
  - secure/bidirule
  - transform
  - unicode/bidi
  - unicode/norm
testImports:
- name: github.com/davecgh/go-spew
  version: 8991bc29aa16c548c550c7ff78260e27b9ab7c73
  subpackages:
  - spew
- name: github.com/pmezard/go-difflib
  version: 792786c7400a136282c1664665ae0a8db921c6c2
  subpackages:
  - difflib
